
Microsoft Visual Studio Solution File, Format Version 12.00
# Visual Studio 15
VisualStudioVersion = 15.0.27428.2015
MinimumVisualStudioVersion = 10.0.40219.1
Project("{FAE04EC0-301F-11D3-BF4B-00C04F79EFBC}") = "Wamby.Client", "Wamby.Client\Wamby.Client.csproj", "{27194A7C-ACE8-41EB-8324-7169C4DD7459}"
EndProject
Project("{2150E333-8FDC-42A3-9474-1A3956D46DE8}") = "01.Clients", "01.Clients", "{404A8BC3-0C51-4093-BEF9-C344F647FD31}"
EndProject
Project("{2150E333-8FDC-42A3-9474-1A3956D46DE8}") = "02.API", "02.API", "{20CC4FCE-DAFD-4510-925B-14CA0BC52B3A}"
EndProject
Global
	GlobalSection(SolutionConfigurationPlatforms) = preSolution
		Debug|Any CPU = Debug|Any CPU
		Release|Any CPU = Release|Any CPU
	EndGlobalSection
	GlobalSection(ProjectConfigurationPlatforms) = postSolution
		{27194A7C-ACE8-41EB-8324-7169C4DD7459}.Debug|Any CPU.ActiveCfg = Debug|Any CPU
		{27194A7C-ACE8-41EB-8324-7169C4DD7459}.Debug|Any CPU.Build.0 = Debug|Any CPU
		{27194A7C-ACE8-41EB-8324-7169C4DD7459}.Release|Any CPU.ActiveCfg = Release|Any CPU
		{27194A7C-ACE8-41EB-8324-7169C4DD7459}.Release|Any CPU.Build.0 = Release|Any CPU
	EndGlobalSection
	GlobalSection(SolutionProperties) = preSolution
		HideSolutionNode = FALSE
	EndGlobalSection
	GlobalSection(NestedProjects) = preSolution
		{27194A7C-ACE8-41EB-8324-7169C4DD7459} = {404A8BC3-0C51-4093-BEF9-C344F647FD31}
	EndGlobalSection
	GlobalSection(ExtensibilityGlobals) = postSolution
		SolutionGuid = {713D7176-AD87-489F-867A-8A86DCC7F7C1}
	EndGlobalSection
EndGlobal
