
Microsoft Visual Studio Solution File, Format Version 12.00
# Visual Studio Version 17
VisualStudioVersion = 17.7.34202.233
MinimumVisualStudioVersion = 10.0.40219.1
Project("{9A19103F-16F7-4668-BE54-9A1E7A4F7556}") = "Wamby.Client", "Wamby.Client\Wamby.Client.csproj", "{27194A7C-ACE8-41EB-8324-7169C4DD7459}"
EndProject
Project("{2150E333-8FDC-42A3-9474-1A3956D46DE8}") = "01.Clients", "01.Clients", "{404A8BC3-0C51-4093-BEF9-C344F647FD31}"
EndProject
Project("{2150E333-8FDC-42A3-9474-1A3956D46DE8}") = "02.API", "02.API", "{20CC4FCE-DAFD-4510-925B-14CA0BC52B3A}"
EndProject
Project("{9A19103F-16F7-4668-BE54-9A1E7A4F7556}") = "Wamby.API", "Wamby.API\Wamby.API.csproj", "{A36E1252-162C-4BEE-AC77-5A13AB27B2B6}"
EndProject
Project("{9A19103F-16F7-4668-BE54-9A1E7A4F7556}") = "Wamby.Core", "Wamby.Core\Wamby.Core.csproj", "{ABBF9AAC-0B09-43C0-9064-B134D7CDB3E4}"
EndProject
Project("{9A19103F-16F7-4668-BE54-9A1E7A4F7556}") = "Wamby.SystemShell", "Wamby.SystemShell\Wamby.SystemShell.csproj", "{9906C836-B714-4B42-8C82-09B58DED3CDC}"
EndProject
Project("{2150E333-8FDC-42A3-9474-1A3956D46DE8}") = "Solution Items", "Solution Items", "{17B216DB-D35B-4D21-BEA8-A141E6B4E290}"
	ProjectSection(SolutionItems) = preProject
		.editorconfig = .editorconfig
	EndProjectSection
EndProject
Project("{9A19103F-16F7-4668-BE54-9A1E7A4F7556}") = "Wamby.Resources", "Wamby.Resources\Wamby.Resources.csproj", "{19C4ACEA-8FB9-4241-BB23-2CCBB7F21BFE}"
EndProject
Project("{9A19103F-16F7-4668-BE54-9A1E7A4F7556}") = "Wamby.Client.DevExpressSkins", "Wamby.Client.DevExpressSkins\Wamby.Client.DevExpressSkins.csproj", "{CAC3CA71-CF25-4915-893D-64A52832DDA8}"
EndProject
Project("{9A19103F-16F7-4668-BE54-9A1E7A4F7556}") = "Wamby.Settings", "Wamby.Settings\Wamby.Settings.csproj", "{D9B3001B-F5D0-43EF-8C24-B1E99AEDF5E0}"
EndProject
Project("{FAE04EC0-301F-11D3-BF4B-00C04F79EFBC}") = "Wamby.PreviousScansPersistence", "Wamby.PreviousScansPersistence\Wamby.PreviousScansPersistence.csproj", "{DD8C509F-C31B-453E-9C1D-7A8E444F81EC}"
EndProject
Global
	GlobalSection(SolutionConfigurationPlatforms) = preSolution
		Debug|Any CPU = Debug|Any CPU
		Release|Any CPU = Release|Any CPU
	EndGlobalSection
	GlobalSection(ProjectConfigurationPlatforms) = postSolution
		{27194A7C-ACE8-41EB-8324-7169C4DD7459}.Debug|Any CPU.ActiveCfg = Debug|Any CPU
		{27194A7C-ACE8-41EB-8324-7169C4DD7459}.Debug|Any CPU.Build.0 = Debug|Any CPU
		{27194A7C-ACE8-41EB-8324-7169C4DD7459}.Release|Any CPU.ActiveCfg = Release|Any CPU
		{27194A7C-ACE8-41EB-8324-7169C4DD7459}.Release|Any CPU.Build.0 = Release|Any CPU
		{A36E1252-162C-4BEE-AC77-5A13AB27B2B6}.Debug|Any CPU.ActiveCfg = Debug|Any CPU
		{A36E1252-162C-4BEE-AC77-5A13AB27B2B6}.Debug|Any CPU.Build.0 = Debug|Any CPU
		{A36E1252-162C-4BEE-AC77-5A13AB27B2B6}.Release|Any CPU.ActiveCfg = Release|Any CPU
		{A36E1252-162C-4BEE-AC77-5A13AB27B2B6}.Release|Any CPU.Build.0 = Release|Any CPU
		{ABBF9AAC-0B09-43C0-9064-B134D7CDB3E4}.Debug|Any CPU.ActiveCfg = Debug|Any CPU
		{ABBF9AAC-0B09-43C0-9064-B134D7CDB3E4}.Debug|Any CPU.Build.0 = Debug|Any CPU
		{ABBF9AAC-0B09-43C0-9064-B134D7CDB3E4}.Release|Any CPU.ActiveCfg = Release|Any CPU
		{ABBF9AAC-0B09-43C0-9064-B134D7CDB3E4}.Release|Any CPU.Build.0 = Release|Any CPU
		{9906C836-B714-4B42-8C82-09B58DED3CDC}.Debug|Any CPU.ActiveCfg = Debug|Any CPU
		{9906C836-B714-4B42-8C82-09B58DED3CDC}.Debug|Any CPU.Build.0 = Debug|Any CPU
		{9906C836-B714-4B42-8C82-09B58DED3CDC}.Release|Any CPU.ActiveCfg = Release|Any CPU
		{9906C836-B714-4B42-8C82-09B58DED3CDC}.Release|Any CPU.Build.0 = Release|Any CPU
		{19C4ACEA-8FB9-4241-BB23-2CCBB7F21BFE}.Debug|Any CPU.ActiveCfg = Debug|Any CPU
		{19C4ACEA-8FB9-4241-BB23-2CCBB7F21BFE}.Debug|Any CPU.Build.0 = Debug|Any CPU
		{19C4ACEA-8FB9-4241-BB23-2CCBB7F21BFE}.Release|Any CPU.ActiveCfg = Release|Any CPU
		{19C4ACEA-8FB9-4241-BB23-2CCBB7F21BFE}.Release|Any CPU.Build.0 = Release|Any CPU
		{CAC3CA71-CF25-4915-893D-64A52832DDA8}.Debug|Any CPU.ActiveCfg = Debug|Any CPU
		{CAC3CA71-CF25-4915-893D-64A52832DDA8}.Debug|Any CPU.Build.0 = Debug|Any CPU
		{CAC3CA71-CF25-4915-893D-64A52832DDA8}.Release|Any CPU.ActiveCfg = Release|Any CPU
		{CAC3CA71-CF25-4915-893D-64A52832DDA8}.Release|Any CPU.Build.0 = Release|Any CPU
		{D9B3001B-F5D0-43EF-8C24-B1E99AEDF5E0}.Debug|Any CPU.ActiveCfg = Debug|Any CPU
		{D9B3001B-F5D0-43EF-8C24-B1E99AEDF5E0}.Debug|Any CPU.Build.0 = Debug|Any CPU
		{D9B3001B-F5D0-43EF-8C24-B1E99AEDF5E0}.Release|Any CPU.ActiveCfg = Release|Any CPU
		{D9B3001B-F5D0-43EF-8C24-B1E99AEDF5E0}.Release|Any CPU.Build.0 = Release|Any CPU
		{DD8C509F-C31B-453E-9C1D-7A8E444F81EC}.Debug|Any CPU.ActiveCfg = Debug|Any CPU
		{DD8C509F-C31B-453E-9C1D-7A8E444F81EC}.Debug|Any CPU.Build.0 = Debug|Any CPU
		{DD8C509F-C31B-453E-9C1D-7A8E444F81EC}.Release|Any CPU.ActiveCfg = Release|Any CPU
		{DD8C509F-C31B-453E-9C1D-7A8E444F81EC}.Release|Any CPU.Build.0 = Release|Any CPU
	EndGlobalSection
	GlobalSection(SolutionProperties) = preSolution
		HideSolutionNode = FALSE
	EndGlobalSection
	GlobalSection(NestedProjects) = preSolution
		{27194A7C-ACE8-41EB-8324-7169C4DD7459} = {404A8BC3-0C51-4093-BEF9-C344F647FD31}
		{A36E1252-162C-4BEE-AC77-5A13AB27B2B6} = {20CC4FCE-DAFD-4510-925B-14CA0BC52B3A}
		{ABBF9AAC-0B09-43C0-9064-B134D7CDB3E4} = {20CC4FCE-DAFD-4510-925B-14CA0BC52B3A}
		{9906C836-B714-4B42-8C82-09B58DED3CDC} = {404A8BC3-0C51-4093-BEF9-C344F647FD31}
		{19C4ACEA-8FB9-4241-BB23-2CCBB7F21BFE} = {404A8BC3-0C51-4093-BEF9-C344F647FD31}
		{CAC3CA71-CF25-4915-893D-64A52832DDA8} = {404A8BC3-0C51-4093-BEF9-C344F647FD31}
		{D9B3001B-F5D0-43EF-8C24-B1E99AEDF5E0} = {20CC4FCE-DAFD-4510-925B-14CA0BC52B3A}
		{DD8C509F-C31B-453E-9C1D-7A8E444F81EC} = {20CC4FCE-DAFD-4510-925B-14CA0BC52B3A}
	EndGlobalSection
	GlobalSection(ExtensibilityGlobals) = postSolution
		SolutionGuid = {713D7176-AD87-489F-867A-8A86DCC7F7C1}
	EndGlobalSection
EndGlobal
